
Microsoft Visual Studio Solution File, Format Version 12.00
# Visual Studio 15
VisualStudioVersion = 15.0.26730.3
MinimumVisualStudioVersion = 10.0.40219.1
Project("{9A19103F-16F7-4668-BE54-9A1E7A4F7556}") = "Enterprise.Web.MPA.Models", "Enterprise.Web.MPA.Models\Enterprise.Web.MPA.Models.csproj", "{788D0B6D-A5CA-4EAF-B307-9BF494835EBC}"
EndProject
Project("{E53339B2-1760-4266-BCC7-CA923CBCF16C}") = "docker-compose", "docker-compose.dcproj", "{B66550FD-99A9-4B32-A416-D74A72AD6456}"
EndProject
Project("{FAE04EC0-301F-11D3-BF4B-00C04F79EFBC}") = "Enterprise.Web.MPA", "Enterprise.Web.MPA\Enterprise.Web.MPA.csproj", "{2EDC6D12-7454-4818-98AB-6119C7454644}"
EndProject
Global
	GlobalSection(SolutionConfigurationPlatforms) = preSolution
		Debug|Any CPU = Debug|Any CPU
		Release|Any CPU = Release|Any CPU
	EndGlobalSection
	GlobalSection(ProjectConfigurationPlatforms) = postSolution
		{788D0B6D-A5CA-4EAF-B307-9BF494835EBC}.Debug|Any CPU.ActiveCfg = Debug|Any CPU
		{788D0B6D-A5CA-4EAF-B307-9BF494835EBC}.Debug|Any CPU.Build.0 = Debug|Any CPU
		{788D0B6D-A5CA-4EAF-B307-9BF494835EBC}.Release|Any CPU.ActiveCfg = Release|Any CPU
		{788D0B6D-A5CA-4EAF-B307-9BF494835EBC}.Release|Any CPU.Build.0 = Release|Any CPU
		{B66550FD-99A9-4B32-A416-D74A72AD6456}.Debug|Any CPU.ActiveCfg = Debug|Any CPU
		{B66550FD-99A9-4B32-A416-D74A72AD6456}.Debug|Any CPU.Build.0 = Debug|Any CPU
		{B66550FD-99A9-4B32-A416-D74A72AD6456}.Release|Any CPU.ActiveCfg = Release|Any CPU
		{B66550FD-99A9-4B32-A416-D74A72AD6456}.Release|Any CPU.Build.0 = Release|Any CPU
		{2EDC6D12-7454-4818-98AB-6119C7454644}.Debug|Any CPU.ActiveCfg = Debug|Any CPU
		{2EDC6D12-7454-4818-98AB-6119C7454644}.Debug|Any CPU.Build.0 = Debug|Any CPU
		{2EDC6D12-7454-4818-98AB-6119C7454644}.Release|Any CPU.ActiveCfg = Release|Any CPU
		{2EDC6D12-7454-4818-98AB-6119C7454644}.Release|Any CPU.Build.0 = Release|Any CPU
	EndGlobalSection
	GlobalSection(SolutionProperties) = preSolution
		HideSolutionNode = FALSE
	EndGlobalSection
	GlobalSection(ExtensibilityGlobals) = postSolution
		SolutionGuid = {998A3643-C2E4-43C0-8716-4DCFAD1DDBA9}
	EndGlobalSection
EndGlobal
