
Microsoft Visual Studio Solution File, Format Version 12.00
# Visual Studio 15
VisualStudioVersion = 15.0.26823.1
MinimumVisualStudioVersion = 10.0.40219.1
Project("{9A19103F-16F7-4668-BE54-9A1E7A4F7556}") = "Enterprise.API", "Enterprise.API\Enterprise.API.csproj", "{DDB3C22C-75C6-42D2-BC2F-BDC9E795801C}"
EndProject
Project("{E53339B2-1760-4266-BCC7-CA923CBCF16C}") = "docker-compose", "docker-compose.dcproj", "{4F589B10-4A46-4D76-ABD4-7ADCA2989DC1}"
EndProject
Project("{9A19103F-16F7-4668-BE54-9A1E7A4F7556}") = "Enterprise.API.BusinessLogics", "Enterprise.API.BusinessLogics\Enterprise.API.BusinessLogics.csproj", "{D4BB4D2F-94A3-49D1-B6C1-0FB742779C4E}"
EndProject
Project("{9A19103F-16F7-4668-BE54-9A1E7A4F7556}") = "Enterprise.API.Helpers", "Enterprise.API.Helpers\Enterprise.API.Helpers.csproj", "{0BEBA6F2-2388-4026-882F-AF88BCC7D12F}"
EndProject
Project("{9A19103F-16F7-4668-BE54-9A1E7A4F7556}") = "Enterprise.DataLayers", "..\Enterprise.DataLayers\Enterprise.DataLayers.csproj", "{779DBB8F-B0DC-4770-A22D-F7DE63E974AC}"
EndProject
Project("{9A19103F-16F7-4668-BE54-9A1E7A4F7556}") = "Enterprise.API.Models", "Enterprise.API.Models\Enterprise.API.Models.csproj", "{6A07FBDD-9DDF-43F7-B2E3-774B51D7E17D}"
EndProject
Project("{9A19103F-16F7-4668-BE54-9A1E7A4F7556}") = "Enterprise.SignalR", "..\Enterprise.SignalR\Enterprise.SignalR.csproj", "{4BC8AA56-8FF3-42AD-AA5D-462E88328AF1}"
EndProject
Project("{9A19103F-16F7-4668-BE54-9A1E7A4F7556}") = "Enterprise.Repository", "..\Enterprise.Repository\Enterprise.Repository.csproj", "{56FFC92B-FA85-4DA4-8D6E-FF641678DE09}"
EndProject
Project("{FAE04EC0-301F-11D3-BF4B-00C04F79EFBC}") = "Enterprise.Services", "..\Enterprise.Services\Enterprise.Services.csproj", "{0229DDA2-C75E-4306-BE96-E865678B4177}"
EndProject
Global
	GlobalSection(SolutionConfigurationPlatforms) = preSolution
		Debug|Any CPU = Debug|Any CPU
		Release|Any CPU = Release|Any CPU
	EndGlobalSection
	GlobalSection(ProjectConfigurationPlatforms) = postSolution
		{DDB3C22C-75C6-42D2-BC2F-BDC9E795801C}.Debug|Any CPU.ActiveCfg = Debug|Any CPU
		{DDB3C22C-75C6-42D2-BC2F-BDC9E795801C}.Debug|Any CPU.Build.0 = Debug|Any CPU
		{DDB3C22C-75C6-42D2-BC2F-BDC9E795801C}.Release|Any CPU.ActiveCfg = Release|Any CPU
		{DDB3C22C-75C6-42D2-BC2F-BDC9E795801C}.Release|Any CPU.Build.0 = Release|Any CPU
		{4F589B10-4A46-4D76-ABD4-7ADCA2989DC1}.Debug|Any CPU.ActiveCfg = Debug|Any CPU
		{4F589B10-4A46-4D76-ABD4-7ADCA2989DC1}.Debug|Any CPU.Build.0 = Debug|Any CPU
		{4F589B10-4A46-4D76-ABD4-7ADCA2989DC1}.Release|Any CPU.ActiveCfg = Release|Any CPU
		{4F589B10-4A46-4D76-ABD4-7ADCA2989DC1}.Release|Any CPU.Build.0 = Release|Any CPU
		{D4BB4D2F-94A3-49D1-B6C1-0FB742779C4E}.Debug|Any CPU.ActiveCfg = Debug|Any CPU
		{D4BB4D2F-94A3-49D1-B6C1-0FB742779C4E}.Debug|Any CPU.Build.0 = Debug|Any CPU
		{D4BB4D2F-94A3-49D1-B6C1-0FB742779C4E}.Release|Any CPU.ActiveCfg = Release|Any CPU
		{D4BB4D2F-94A3-49D1-B6C1-0FB742779C4E}.Release|Any CPU.Build.0 = Release|Any CPU
		{0BEBA6F2-2388-4026-882F-AF88BCC7D12F}.Debug|Any CPU.ActiveCfg = Debug|Any CPU
		{0BEBA6F2-2388-4026-882F-AF88BCC7D12F}.Debug|Any CPU.Build.0 = Debug|Any CPU
		{0BEBA6F2-2388-4026-882F-AF88BCC7D12F}.Release|Any CPU.ActiveCfg = Release|Any CPU
		{0BEBA6F2-2388-4026-882F-AF88BCC7D12F}.Release|Any CPU.Build.0 = Release|Any CPU
		{779DBB8F-B0DC-4770-A22D-F7DE63E974AC}.Debug|Any CPU.ActiveCfg = Debug|Any CPU
		{779DBB8F-B0DC-4770-A22D-F7DE63E974AC}.Debug|Any CPU.Build.0 = Debug|Any CPU
		{779DBB8F-B0DC-4770-A22D-F7DE63E974AC}.Release|Any CPU.ActiveCfg = Release|Any CPU
		{779DBB8F-B0DC-4770-A22D-F7DE63E974AC}.Release|Any CPU.Build.0 = Release|Any CPU
		{6A07FBDD-9DDF-43F7-B2E3-774B51D7E17D}.Debug|Any CPU.ActiveCfg = Debug|Any CPU
		{6A07FBDD-9DDF-43F7-B2E3-774B51D7E17D}.Debug|Any CPU.Build.0 = Debug|Any CPU
		{6A07FBDD-9DDF-43F7-B2E3-774B51D7E17D}.Release|Any CPU.ActiveCfg = Release|Any CPU
		{6A07FBDD-9DDF-43F7-B2E3-774B51D7E17D}.Release|Any CPU.Build.0 = Release|Any CPU
		{4BC8AA56-8FF3-42AD-AA5D-462E88328AF1}.Debug|Any CPU.ActiveCfg = Debug|Any CPU
		{4BC8AA56-8FF3-42AD-AA5D-462E88328AF1}.Debug|Any CPU.Build.0 = Debug|Any CPU
		{4BC8AA56-8FF3-42AD-AA5D-462E88328AF1}.Release|Any CPU.ActiveCfg = Release|Any CPU
		{4BC8AA56-8FF3-42AD-AA5D-462E88328AF1}.Release|Any CPU.Build.0 = Release|Any CPU
		{56FFC92B-FA85-4DA4-8D6E-FF641678DE09}.Debug|Any CPU.ActiveCfg = Debug|Any CPU
		{56FFC92B-FA85-4DA4-8D6E-FF641678DE09}.Debug|Any CPU.Build.0 = Debug|Any CPU
		{56FFC92B-FA85-4DA4-8D6E-FF641678DE09}.Release|Any CPU.ActiveCfg = Release|Any CPU
		{56FFC92B-FA85-4DA4-8D6E-FF641678DE09}.Release|Any CPU.Build.0 = Release|Any CPU
		{0229DDA2-C75E-4306-BE96-E865678B4177}.Debug|Any CPU.ActiveCfg = Debug|Any CPU
		{0229DDA2-C75E-4306-BE96-E865678B4177}.Debug|Any CPU.Build.0 = Debug|Any CPU
		{0229DDA2-C75E-4306-BE96-E865678B4177}.Release|Any CPU.ActiveCfg = Release|Any CPU
		{0229DDA2-C75E-4306-BE96-E865678B4177}.Release|Any CPU.Build.0 = Release|Any CPU
	EndGlobalSection
	GlobalSection(SolutionProperties) = preSolution
		HideSolutionNode = FALSE
	EndGlobalSection
	GlobalSection(ExtensibilityGlobals) = postSolution
		SolutionGuid = {1E9CB201-86B3-4975-B638-552B0DBCD46A}
	EndGlobalSection
EndGlobal
