
Microsoft Visual Studio Solution File, Format Version 12.00
# Visual Studio 15
VisualStudioVersion = 15.0.26430.16
MinimumVisualStudioVersion = 10.0.40219.1
Project("{FAE04EC0-301F-11D3-BF4B-00C04F79EFBC}") = "Enterprise.Mobile.Android", "Enterprise.Mobile\Enterprise.Mobile.Android\Enterprise.Mobile.Android.csproj", "{DCD3D08F-2932-46D2-97A3-92593952E3DB}"
EndProject
Project("{FAE04EC0-301F-11D3-BF4B-00C04F79EFBC}") = "Enterprise.Mobile", "Enterprise.Mobile\Enterprise.Mobile\Enterprise.Mobile.csproj", "{7F8036C6-340C-4D55-9949-402A217D57B5}"
EndProject
Project("{FAE04EC0-301F-11D3-BF4B-00C04F79EFBC}") = "Enterprise.Mobile.UWP", "Enterprise.Mobile\Enterprise.Mobile.UWP\Enterprise.Mobile.UWP.csproj", "{0A1ED1C4-1224-4259-A04D-453085F6C09B}"
EndProject
Project("{FAE04EC0-301F-11D3-BF4B-00C04F79EFBC}") = "Enterprise.Mobile.iOS", "Enterprise.Mobile\Enterprise.Mobile.iOS\Enterprise.Mobile.iOS.csproj", "{A037DF9C-A8A9-4619-A410-7C94D1ED9187}"
EndProject
Project("{9A19103F-16F7-4668-BE54-9A1E7A4F7556}") = "Enterprise.Mobile.Models", "Enterprise.Mobile.Models\Enterprise.Mobile.Models.csproj", "{9F315811-39BC-4E67-B5D7-5787ECB5BCC7}"
EndProject
Global
	GlobalSection(SolutionConfigurationPlatforms) = preSolution
		Ad-Hoc|Any CPU = Ad-Hoc|Any CPU
		Ad-Hoc|ARM = Ad-Hoc|ARM
		Ad-Hoc|iPhone = Ad-Hoc|iPhone
		Ad-Hoc|iPhoneSimulator = Ad-Hoc|iPhoneSimulator
		Ad-Hoc|x64 = Ad-Hoc|x64
		Ad-Hoc|x86 = Ad-Hoc|x86
		AppStore|Any CPU = AppStore|Any CPU
		AppStore|ARM = AppStore|ARM
		AppStore|iPhone = AppStore|iPhone
		AppStore|iPhoneSimulator = AppStore|iPhoneSimulator
		AppStore|x64 = AppStore|x64
		AppStore|x86 = AppStore|x86
		Debug|Any CPU = Debug|Any CPU
		Debug|ARM = Debug|ARM
		Debug|iPhone = Debug|iPhone
		Debug|iPhoneSimulator = Debug|iPhoneSimulator
		Debug|x64 = Debug|x64
		Debug|x86 = Debug|x86
		Release|Any CPU = Release|Any CPU
		Release|ARM = Release|ARM
		Release|iPhone = Release|iPhone
		Release|iPhoneSimulator = Release|iPhoneSimulator
		Release|x64 = Release|x64
		Release|x86 = Release|x86
	EndGlobalSection
	GlobalSection(ProjectConfigurationPlatforms) = postSolution
		{DCD3D08F-2932-46D2-97A3-92593952E3DB}.Ad-Hoc|Any CPU.ActiveCfg = Release|Any CPU
		{DCD3D08F-2932-46D2-97A3-92593952E3DB}.Ad-Hoc|Any CPU.Build.0 = Release|Any CPU
		{DCD3D08F-2932-46D2-97A3-92593952E3DB}.Ad-Hoc|Any CPU.Deploy.0 = Release|Any CPU
		{DCD3D08F-2932-46D2-97A3-92593952E3DB}.Ad-Hoc|ARM.ActiveCfg = Release|Any CPU
		{DCD3D08F-2932-46D2-97A3-92593952E3DB}.Ad-Hoc|ARM.Build.0 = Release|Any CPU
		{DCD3D08F-2932-46D2-97A3-92593952E3DB}.Ad-Hoc|ARM.Deploy.0 = Release|Any CPU
		{DCD3D08F-2932-46D2-97A3-92593952E3DB}.Ad-Hoc|iPhone.ActiveCfg = Release|Any CPU
		{DCD3D08F-2932-46D2-97A3-92593952E3DB}.Ad-Hoc|iPhone.Build.0 = Release|Any CPU
		{DCD3D08F-2932-46D2-97A3-92593952E3DB}.Ad-Hoc|iPhone.Deploy.0 = Release|Any CPU
		{DCD3D08F-2932-46D2-97A3-92593952E3DB}.Ad-Hoc|iPhoneSimulator.ActiveCfg = Release|Any CPU
		{DCD3D08F-2932-46D2-97A3-92593952E3DB}.Ad-Hoc|iPhoneSimulator.Build.0 = Release|Any CPU
		{DCD3D08F-2932-46D2-97A3-92593952E3DB}.Ad-Hoc|iPhoneSimulator.Deploy.0 = Release|Any CPU
		{DCD3D08F-2932-46D2-97A3-92593952E3DB}.Ad-Hoc|x64.ActiveCfg = Release|Any CPU
		{DCD3D08F-2932-46D2-97A3-92593952E3DB}.Ad-Hoc|x64.Build.0 = Release|Any CPU
		{DCD3D08F-2932-46D2-97A3-92593952E3DB}.Ad-Hoc|x64.Deploy.0 = Release|Any CPU
		{DCD3D08F-2932-46D2-97A3-92593952E3DB}.Ad-Hoc|x86.ActiveCfg = Release|Any CPU
		{DCD3D08F-2932-46D2-97A3-92593952E3DB}.Ad-Hoc|x86.Build.0 = Release|Any CPU
		{DCD3D08F-2932-46D2-97A3-92593952E3DB}.Ad-Hoc|x86.Deploy.0 = Release|Any CPU
		{DCD3D08F-2932-46D2-97A3-92593952E3DB}.AppStore|Any CPU.ActiveCfg = Release|Any CPU
		{DCD3D08F-2932-46D2-97A3-92593952E3DB}.AppStore|Any CPU.Build.0 = Release|Any CPU
		{DCD3D08F-2932-46D2-97A3-92593952E3DB}.AppStore|Any CPU.Deploy.0 = Release|Any CPU
		{DCD3D08F-2932-46D2-97A3-92593952E3DB}.AppStore|ARM.ActiveCfg = Release|Any CPU
		{DCD3D08F-2932-46D2-97A3-92593952E3DB}.AppStore|ARM.Build.0 = Release|Any CPU
		{DCD3D08F-2932-46D2-97A3-92593952E3DB}.AppStore|ARM.Deploy.0 = Release|Any CPU
		{DCD3D08F-2932-46D2-97A3-92593952E3DB}.AppStore|iPhone.ActiveCfg = Release|Any CPU
		{DCD3D08F-2932-46D2-97A3-92593952E3DB}.AppStore|iPhone.Build.0 = Release|Any CPU
		{DCD3D08F-2932-46D2-97A3-92593952E3DB}.AppStore|iPhone.Deploy.0 = Release|Any CPU
		{DCD3D08F-2932-46D2-97A3-92593952E3DB}.AppStore|iPhoneSimulator.ActiveCfg = Release|Any CPU
		{DCD3D08F-2932-46D2-97A3-92593952E3DB}.AppStore|iPhoneSimulator.Build.0 = Release|Any CPU
		{DCD3D08F-2932-46D2-97A3-92593952E3DB}.AppStore|iPhoneSimulator.Deploy.0 = Release|Any CPU
		{DCD3D08F-2932-46D2-97A3-92593952E3DB}.AppStore|x64.ActiveCfg = Release|Any CPU
		{DCD3D08F-2932-46D2-97A3-92593952E3DB}.AppStore|x64.Build.0 = Release|Any CPU
		{DCD3D08F-2932-46D2-97A3-92593952E3DB}.AppStore|x64.Deploy.0 = Release|Any CPU
		{DCD3D08F-2932-46D2-97A3-92593952E3DB}.AppStore|x86.ActiveCfg = Release|Any CPU
		{DCD3D08F-2932-46D2-97A3-92593952E3DB}.AppStore|x86.Build.0 = Release|Any CPU
		{DCD3D08F-2932-46D2-97A3-92593952E3DB}.AppStore|x86.Deploy.0 = Release|Any CPU
		{DCD3D08F-2932-46D2-97A3-92593952E3DB}.Debug|Any CPU.ActiveCfg = Debug|Any CPU
		{DCD3D08F-2932-46D2-97A3-92593952E3DB}.Debug|Any CPU.Build.0 = Debug|Any CPU
		{DCD3D08F-2932-46D2-97A3-92593952E3DB}.Debug|Any CPU.Deploy.0 = Debug|Any CPU
		{DCD3D08F-2932-46D2-97A3-92593952E3DB}.Debug|ARM.ActiveCfg = Debug|Any CPU
		{DCD3D08F-2932-46D2-97A3-92593952E3DB}.Debug|ARM.Build.0 = Debug|Any CPU
		{DCD3D08F-2932-46D2-97A3-92593952E3DB}.Debug|ARM.Deploy.0 = Debug|Any CPU
		{DCD3D08F-2932-46D2-97A3-92593952E3DB}.Debug|iPhone.ActiveCfg = Debug|Any CPU
		{DCD3D08F-2932-46D2-97A3-92593952E3DB}.Debug|iPhone.Build.0 = Debug|Any CPU
		{DCD3D08F-2932-46D2-97A3-92593952E3DB}.Debug|iPhone.Deploy.0 = Debug|Any CPU
		{DCD3D08F-2932-46D2-97A3-92593952E3DB}.Debug|iPhoneSimulator.ActiveCfg = Debug|Any CPU
		{DCD3D08F-2932-46D2-97A3-92593952E3DB}.Debug|iPhoneSimulator.Build.0 = Debug|Any CPU
		{DCD3D08F-2932-46D2-97A3-92593952E3DB}.Debug|iPhoneSimulator.Deploy.0 = Debug|Any CPU
		{DCD3D08F-2932-46D2-97A3-92593952E3DB}.Debug|x64.ActiveCfg = Debug|Any CPU
		{DCD3D08F-2932-46D2-97A3-92593952E3DB}.Debug|x64.Build.0 = Debug|Any CPU
		{DCD3D08F-2932-46D2-97A3-92593952E3DB}.Debug|x64.Deploy.0 = Debug|Any CPU
		{DCD3D08F-2932-46D2-97A3-92593952E3DB}.Debug|x86.ActiveCfg = Debug|Any CPU
		{DCD3D08F-2932-46D2-97A3-92593952E3DB}.Debug|x86.Build.0 = Debug|Any CPU
		{DCD3D08F-2932-46D2-97A3-92593952E3DB}.Debug|x86.Deploy.0 = Debug|Any CPU
		{DCD3D08F-2932-46D2-97A3-92593952E3DB}.Release|Any CPU.ActiveCfg = Release|Any CPU
		{DCD3D08F-2932-46D2-97A3-92593952E3DB}.Release|Any CPU.Build.0 = Release|Any CPU
		{DCD3D08F-2932-46D2-97A3-92593952E3DB}.Release|Any CPU.Deploy.0 = Release|Any CPU
		{DCD3D08F-2932-46D2-97A3-92593952E3DB}.Release|ARM.ActiveCfg = Release|Any CPU
		{DCD3D08F-2932-46D2-97A3-92593952E3DB}.Release|ARM.Build.0 = Release|Any CPU
		{DCD3D08F-2932-46D2-97A3-92593952E3DB}.Release|ARM.Deploy.0 = Release|Any CPU
		{DCD3D08F-2932-46D2-97A3-92593952E3DB}.Release|iPhone.ActiveCfg = Release|Any CPU
		{DCD3D08F-2932-46D2-97A3-92593952E3DB}.Release|iPhone.Build.0 = Release|Any CPU
		{DCD3D08F-2932-46D2-97A3-92593952E3DB}.Release|iPhone.Deploy.0 = Release|Any CPU
		{DCD3D08F-2932-46D2-97A3-92593952E3DB}.Release|iPhoneSimulator.ActiveCfg = Release|Any CPU
		{DCD3D08F-2932-46D2-97A3-92593952E3DB}.Release|iPhoneSimulator.Build.0 = Release|Any CPU
		{DCD3D08F-2932-46D2-97A3-92593952E3DB}.Release|iPhoneSimulator.Deploy.0 = Release|Any CPU
		{DCD3D08F-2932-46D2-97A3-92593952E3DB}.Release|x64.ActiveCfg = Release|Any CPU
		{DCD3D08F-2932-46D2-97A3-92593952E3DB}.Release|x64.Build.0 = Release|Any CPU
		{DCD3D08F-2932-46D2-97A3-92593952E3DB}.Release|x64.Deploy.0 = Release|Any CPU
		{DCD3D08F-2932-46D2-97A3-92593952E3DB}.Release|x86.ActiveCfg = Release|Any CPU
		{DCD3D08F-2932-46D2-97A3-92593952E3DB}.Release|x86.Build.0 = Release|Any CPU
		{DCD3D08F-2932-46D2-97A3-92593952E3DB}.Release|x86.Deploy.0 = Release|Any CPU
		{7F8036C6-340C-4D55-9949-402A217D57B5}.Ad-Hoc|Any CPU.ActiveCfg = Release|Any CPU
		{7F8036C6-340C-4D55-9949-402A217D57B5}.Ad-Hoc|Any CPU.Build.0 = Release|Any CPU
		{7F8036C6-340C-4D55-9949-402A217D57B5}.Ad-Hoc|ARM.ActiveCfg = Release|Any CPU
		{7F8036C6-340C-4D55-9949-402A217D57B5}.Ad-Hoc|ARM.Build.0 = Release|Any CPU
		{7F8036C6-340C-4D55-9949-402A217D57B5}.Ad-Hoc|iPhone.ActiveCfg = Release|Any CPU
		{7F8036C6-340C-4D55-9949-402A217D57B5}.Ad-Hoc|iPhone.Build.0 = Release|Any CPU
		{7F8036C6-340C-4D55-9949-402A217D57B5}.Ad-Hoc|iPhoneSimulator.ActiveCfg = Release|Any CPU
		{7F8036C6-340C-4D55-9949-402A217D57B5}.Ad-Hoc|iPhoneSimulator.Build.0 = Release|Any CPU
		{7F8036C6-340C-4D55-9949-402A217D57B5}.Ad-Hoc|x64.ActiveCfg = Release|Any CPU
		{7F8036C6-340C-4D55-9949-402A217D57B5}.Ad-Hoc|x64.Build.0 = Release|Any CPU
		{7F8036C6-340C-4D55-9949-402A217D57B5}.Ad-Hoc|x86.ActiveCfg = Release|Any CPU
		{7F8036C6-340C-4D55-9949-402A217D57B5}.Ad-Hoc|x86.Build.0 = Release|Any CPU
		{7F8036C6-340C-4D55-9949-402A217D57B5}.AppStore|Any CPU.ActiveCfg = Release|Any CPU
		{7F8036C6-340C-4D55-9949-402A217D57B5}.AppStore|Any CPU.Build.0 = Release|Any CPU
		{7F8036C6-340C-4D55-9949-402A217D57B5}.AppStore|ARM.ActiveCfg = Release|Any CPU
		{7F8036C6-340C-4D55-9949-402A217D57B5}.AppStore|ARM.Build.0 = Release|Any CPU
		{7F8036C6-340C-4D55-9949-402A217D57B5}.AppStore|iPhone.ActiveCfg = Release|Any CPU
		{7F8036C6-340C-4D55-9949-402A217D57B5}.AppStore|iPhone.Build.0 = Release|Any CPU
		{7F8036C6-340C-4D55-9949-402A217D57B5}.AppStore|iPhoneSimulator.ActiveCfg = Release|Any CPU
		{7F8036C6-340C-4D55-9949-402A217D57B5}.AppStore|iPhoneSimulator.Build.0 = Release|Any CPU
		{7F8036C6-340C-4D55-9949-402A217D57B5}.AppStore|x64.ActiveCfg = Release|Any CPU
		{7F8036C6-340C-4D55-9949-402A217D57B5}.AppStore|x64.Build.0 = Release|Any CPU
		{7F8036C6-340C-4D55-9949-402A217D57B5}.AppStore|x86.ActiveCfg = Release|Any CPU
		{7F8036C6-340C-4D55-9949-402A217D57B5}.AppStore|x86.Build.0 = Release|Any CPU
		{7F8036C6-340C-4D55-9949-402A217D57B5}.Debug|Any CPU.ActiveCfg = Debug|Any CPU
		{7F8036C6-340C-4D55-9949-402A217D57B5}.Debug|Any CPU.Build.0 = Debug|Any CPU
		{7F8036C6-340C-4D55-9949-402A217D57B5}.Debug|ARM.ActiveCfg = Debug|Any CPU
		{7F8036C6-340C-4D55-9949-402A217D57B5}.Debug|ARM.Build.0 = Debug|Any CPU
		{7F8036C6-340C-4D55-9949-402A217D57B5}.Debug|iPhone.ActiveCfg = Debug|Any CPU
		{7F8036C6-340C-4D55-9949-402A217D57B5}.Debug|iPhone.Build.0 = Debug|Any CPU
		{7F8036C6-340C-4D55-9949-402A217D57B5}.Debug|iPhoneSimulator.ActiveCfg = Debug|Any CPU
		{7F8036C6-340C-4D55-9949-402A217D57B5}.Debug|iPhoneSimulator.Build.0 = Debug|Any CPU
		{7F8036C6-340C-4D55-9949-402A217D57B5}.Debug|x64.ActiveCfg = Debug|Any CPU
		{7F8036C6-340C-4D55-9949-402A217D57B5}.Debug|x64.Build.0 = Debug|Any CPU
		{7F8036C6-340C-4D55-9949-402A217D57B5}.Debug|x86.ActiveCfg = Debug|Any CPU
		{7F8036C6-340C-4D55-9949-402A217D57B5}.Debug|x86.Build.0 = Debug|Any CPU
		{7F8036C6-340C-4D55-9949-402A217D57B5}.Release|Any CPU.ActiveCfg = Release|Any CPU
		{7F8036C6-340C-4D55-9949-402A217D57B5}.Release|Any CPU.Build.0 = Release|Any CPU
		{7F8036C6-340C-4D55-9949-402A217D57B5}.Release|ARM.ActiveCfg = Release|Any CPU
		{7F8036C6-340C-4D55-9949-402A217D57B5}.Release|ARM.Build.0 = Release|Any CPU
		{7F8036C6-340C-4D55-9949-402A217D57B5}.Release|iPhone.ActiveCfg = Release|Any CPU
		{7F8036C6-340C-4D55-9949-402A217D57B5}.Release|iPhone.Build.0 = Release|Any CPU
		{7F8036C6-340C-4D55-9949-402A217D57B5}.Release|iPhoneSimulator.ActiveCfg = Release|Any CPU
		{7F8036C6-340C-4D55-9949-402A217D57B5}.Release|iPhoneSimulator.Build.0 = Release|Any CPU
		{7F8036C6-340C-4D55-9949-402A217D57B5}.Release|x64.ActiveCfg = Release|Any CPU
		{7F8036C6-340C-4D55-9949-402A217D57B5}.Release|x64.Build.0 = Release|Any CPU
		{7F8036C6-340C-4D55-9949-402A217D57B5}.Release|x86.ActiveCfg = Release|Any CPU
		{7F8036C6-340C-4D55-9949-402A217D57B5}.Release|x86.Build.0 = Release|Any CPU
		{0A1ED1C4-1224-4259-A04D-453085F6C09B}.Ad-Hoc|Any CPU.ActiveCfg = Release|x86
		{0A1ED1C4-1224-4259-A04D-453085F6C09B}.Ad-Hoc|Any CPU.Build.0 = Release|x86
		{0A1ED1C4-1224-4259-A04D-453085F6C09B}.Ad-Hoc|Any CPU.Deploy.0 = Release|x86
		{0A1ED1C4-1224-4259-A04D-453085F6C09B}.Ad-Hoc|ARM.ActiveCfg = Release|ARM
		{0A1ED1C4-1224-4259-A04D-453085F6C09B}.Ad-Hoc|ARM.Build.0 = Release|ARM
		{0A1ED1C4-1224-4259-A04D-453085F6C09B}.Ad-Hoc|ARM.Deploy.0 = Release|ARM
		{0A1ED1C4-1224-4259-A04D-453085F6C09B}.Ad-Hoc|iPhone.ActiveCfg = Release|x86
		{0A1ED1C4-1224-4259-A04D-453085F6C09B}.Ad-Hoc|iPhone.Build.0 = Release|x86
		{0A1ED1C4-1224-4259-A04D-453085F6C09B}.Ad-Hoc|iPhone.Deploy.0 = Release|x86
		{0A1ED1C4-1224-4259-A04D-453085F6C09B}.Ad-Hoc|iPhoneSimulator.ActiveCfg = Release|x86
		{0A1ED1C4-1224-4259-A04D-453085F6C09B}.Ad-Hoc|iPhoneSimulator.Build.0 = Release|x86
		{0A1ED1C4-1224-4259-A04D-453085F6C09B}.Ad-Hoc|iPhoneSimulator.Deploy.0 = Release|x86
		{0A1ED1C4-1224-4259-A04D-453085F6C09B}.Ad-Hoc|x64.ActiveCfg = Release|x64
		{0A1ED1C4-1224-4259-A04D-453085F6C09B}.Ad-Hoc|x64.Build.0 = Release|x64
		{0A1ED1C4-1224-4259-A04D-453085F6C09B}.Ad-Hoc|x64.Deploy.0 = Release|x64
		{0A1ED1C4-1224-4259-A04D-453085F6C09B}.Ad-Hoc|x86.ActiveCfg = Release|x86
		{0A1ED1C4-1224-4259-A04D-453085F6C09B}.Ad-Hoc|x86.Build.0 = Release|x86
		{0A1ED1C4-1224-4259-A04D-453085F6C09B}.Ad-Hoc|x86.Deploy.0 = Release|x86
		{0A1ED1C4-1224-4259-A04D-453085F6C09B}.AppStore|Any CPU.ActiveCfg = Release|x86
		{0A1ED1C4-1224-4259-A04D-453085F6C09B}.AppStore|Any CPU.Build.0 = Release|x86
		{0A1ED1C4-1224-4259-A04D-453085F6C09B}.AppStore|Any CPU.Deploy.0 = Release|x86
		{0A1ED1C4-1224-4259-A04D-453085F6C09B}.AppStore|ARM.ActiveCfg = Release|ARM
		{0A1ED1C4-1224-4259-A04D-453085F6C09B}.AppStore|ARM.Build.0 = Release|ARM
		{0A1ED1C4-1224-4259-A04D-453085F6C09B}.AppStore|ARM.Deploy.0 = Release|ARM
		{0A1ED1C4-1224-4259-A04D-453085F6C09B}.AppStore|iPhone.ActiveCfg = Release|x86
		{0A1ED1C4-1224-4259-A04D-453085F6C09B}.AppStore|iPhone.Build.0 = Release|x86
		{0A1ED1C4-1224-4259-A04D-453085F6C09B}.AppStore|iPhone.Deploy.0 = Release|x86
		{0A1ED1C4-1224-4259-A04D-453085F6C09B}.AppStore|iPhoneSimulator.ActiveCfg = Release|x86
		{0A1ED1C4-1224-4259-A04D-453085F6C09B}.AppStore|iPhoneSimulator.Build.0 = Release|x86
		{0A1ED1C4-1224-4259-A04D-453085F6C09B}.AppStore|iPhoneSimulator.Deploy.0 = Release|x86
		{0A1ED1C4-1224-4259-A04D-453085F6C09B}.AppStore|x64.ActiveCfg = Release|x64
		{0A1ED1C4-1224-4259-A04D-453085F6C09B}.AppStore|x64.Build.0 = Release|x64
		{0A1ED1C4-1224-4259-A04D-453085F6C09B}.AppStore|x64.Deploy.0 = Release|x64
		{0A1ED1C4-1224-4259-A04D-453085F6C09B}.AppStore|x86.ActiveCfg = Release|x86
		{0A1ED1C4-1224-4259-A04D-453085F6C09B}.AppStore|x86.Build.0 = Release|x86
		{0A1ED1C4-1224-4259-A04D-453085F6C09B}.AppStore|x86.Deploy.0 = Release|x86
		{0A1ED1C4-1224-4259-A04D-453085F6C09B}.Debug|Any CPU.ActiveCfg = Debug|x86
		{0A1ED1C4-1224-4259-A04D-453085F6C09B}.Debug|ARM.ActiveCfg = Debug|ARM
		{0A1ED1C4-1224-4259-A04D-453085F6C09B}.Debug|ARM.Build.0 = Debug|ARM
		{0A1ED1C4-1224-4259-A04D-453085F6C09B}.Debug|ARM.Deploy.0 = Debug|ARM
		{0A1ED1C4-1224-4259-A04D-453085F6C09B}.Debug|iPhone.ActiveCfg = Debug|x86
		{0A1ED1C4-1224-4259-A04D-453085F6C09B}.Debug|iPhoneSimulator.ActiveCfg = Debug|x86
		{0A1ED1C4-1224-4259-A04D-453085F6C09B}.Debug|x64.ActiveCfg = Debug|x64
		{0A1ED1C4-1224-4259-A04D-453085F6C09B}.Debug|x64.Build.0 = Debug|x64
		{0A1ED1C4-1224-4259-A04D-453085F6C09B}.Debug|x64.Deploy.0 = Debug|x64
		{0A1ED1C4-1224-4259-A04D-453085F6C09B}.Debug|x86.ActiveCfg = Debug|x86
		{0A1ED1C4-1224-4259-A04D-453085F6C09B}.Debug|x86.Build.0 = Debug|x86
		{0A1ED1C4-1224-4259-A04D-453085F6C09B}.Debug|x86.Deploy.0 = Debug|x86
		{0A1ED1C4-1224-4259-A04D-453085F6C09B}.Release|Any CPU.ActiveCfg = Release|x86
		{0A1ED1C4-1224-4259-A04D-453085F6C09B}.Release|ARM.ActiveCfg = Release|ARM
		{0A1ED1C4-1224-4259-A04D-453085F6C09B}.Release|ARM.Build.0 = Release|ARM
		{0A1ED1C4-1224-4259-A04D-453085F6C09B}.Release|ARM.Deploy.0 = Release|ARM
		{0A1ED1C4-1224-4259-A04D-453085F6C09B}.Release|iPhone.ActiveCfg = Release|x86
		{0A1ED1C4-1224-4259-A04D-453085F6C09B}.Release|iPhoneSimulator.ActiveCfg = Release|x86
		{0A1ED1C4-1224-4259-A04D-453085F6C09B}.Release|x64.ActiveCfg = Release|x64
		{0A1ED1C4-1224-4259-A04D-453085F6C09B}.Release|x64.Build.0 = Release|x64
		{0A1ED1C4-1224-4259-A04D-453085F6C09B}.Release|x64.Deploy.0 = Release|x64
		{0A1ED1C4-1224-4259-A04D-453085F6C09B}.Release|x86.ActiveCfg = Release|x86
		{0A1ED1C4-1224-4259-A04D-453085F6C09B}.Release|x86.Build.0 = Release|x86
		{0A1ED1C4-1224-4259-A04D-453085F6C09B}.Release|x86.Deploy.0 = Release|x86
		{A037DF9C-A8A9-4619-A410-7C94D1ED9187}.Ad-Hoc|Any CPU.ActiveCfg = Ad-Hoc|iPhone
		{A037DF9C-A8A9-4619-A410-7C94D1ED9187}.Ad-Hoc|ARM.ActiveCfg = Ad-Hoc|iPhone
		{A037DF9C-A8A9-4619-A410-7C94D1ED9187}.Ad-Hoc|iPhone.ActiveCfg = Ad-Hoc|iPhone
		{A037DF9C-A8A9-4619-A410-7C94D1ED9187}.Ad-Hoc|iPhone.Build.0 = Ad-Hoc|iPhone
		{A037DF9C-A8A9-4619-A410-7C94D1ED9187}.Ad-Hoc|iPhoneSimulator.ActiveCfg = Ad-Hoc|iPhoneSimulator
		{A037DF9C-A8A9-4619-A410-7C94D1ED9187}.Ad-Hoc|iPhoneSimulator.Build.0 = Ad-Hoc|iPhoneSimulator
		{A037DF9C-A8A9-4619-A410-7C94D1ED9187}.Ad-Hoc|x64.ActiveCfg = Ad-Hoc|iPhone
		{A037DF9C-A8A9-4619-A410-7C94D1ED9187}.Ad-Hoc|x86.ActiveCfg = Ad-Hoc|iPhone
		{A037DF9C-A8A9-4619-A410-7C94D1ED9187}.AppStore|Any CPU.ActiveCfg = AppStore|iPhone
		{A037DF9C-A8A9-4619-A410-7C94D1ED9187}.AppStore|ARM.ActiveCfg = AppStore|iPhone
		{A037DF9C-A8A9-4619-A410-7C94D1ED9187}.AppStore|iPhone.ActiveCfg = AppStore|iPhone
		{A037DF9C-A8A9-4619-A410-7C94D1ED9187}.AppStore|iPhone.Build.0 = AppStore|iPhone
		{A037DF9C-A8A9-4619-A410-7C94D1ED9187}.AppStore|iPhoneSimulator.ActiveCfg = AppStore|iPhoneSimulator
		{A037DF9C-A8A9-4619-A410-7C94D1ED9187}.AppStore|iPhoneSimulator.Build.0 = AppStore|iPhoneSimulator
		{A037DF9C-A8A9-4619-A410-7C94D1ED9187}.AppStore|x64.ActiveCfg = AppStore|iPhone
		{A037DF9C-A8A9-4619-A410-7C94D1ED9187}.AppStore|x86.ActiveCfg = AppStore|iPhone
		{A037DF9C-A8A9-4619-A410-7C94D1ED9187}.Debug|Any CPU.ActiveCfg = Debug|iPhone
		{A037DF9C-A8A9-4619-A410-7C94D1ED9187}.Debug|ARM.ActiveCfg = Debug|iPhone
		{A037DF9C-A8A9-4619-A410-7C94D1ED9187}.Debug|iPhone.ActiveCfg = Debug|iPhone
		{A037DF9C-A8A9-4619-A410-7C94D1ED9187}.Debug|iPhone.Build.0 = Debug|iPhone
		{A037DF9C-A8A9-4619-A410-7C94D1ED9187}.Debug|iPhoneSimulator.ActiveCfg = Debug|iPhoneSimulator
		{A037DF9C-A8A9-4619-A410-7C94D1ED9187}.Debug|iPhoneSimulator.Build.0 = Debug|iPhoneSimulator
		{A037DF9C-A8A9-4619-A410-7C94D1ED9187}.Debug|x64.ActiveCfg = Debug|iPhone
		{A037DF9C-A8A9-4619-A410-7C94D1ED9187}.Debug|x86.ActiveCfg = Debug|iPhone
		{A037DF9C-A8A9-4619-A410-7C94D1ED9187}.Release|Any CPU.ActiveCfg = Release|iPhone
		{A037DF9C-A8A9-4619-A410-7C94D1ED9187}.Release|ARM.ActiveCfg = Release|iPhone
		{A037DF9C-A8A9-4619-A410-7C94D1ED9187}.Release|iPhone.ActiveCfg = Release|iPhone
		{A037DF9C-A8A9-4619-A410-7C94D1ED9187}.Release|iPhone.Build.0 = Release|iPhone
		{A037DF9C-A8A9-4619-A410-7C94D1ED9187}.Release|iPhoneSimulator.ActiveCfg = Release|iPhoneSimulator
		{A037DF9C-A8A9-4619-A410-7C94D1ED9187}.Release|iPhoneSimulator.Build.0 = Release|iPhoneSimulator
		{A037DF9C-A8A9-4619-A410-7C94D1ED9187}.Release|x64.ActiveCfg = Release|iPhone
		{A037DF9C-A8A9-4619-A410-7C94D1ED9187}.Release|x86.ActiveCfg = Release|iPhone
		{9F315811-39BC-4E67-B5D7-5787ECB5BCC7}.Ad-Hoc|Any CPU.ActiveCfg = Debug|Any CPU
		{9F315811-39BC-4E67-B5D7-5787ECB5BCC7}.Ad-Hoc|Any CPU.Build.0 = Debug|Any CPU
		{9F315811-39BC-4E67-B5D7-5787ECB5BCC7}.Ad-Hoc|ARM.ActiveCfg = Debug|Any CPU
		{9F315811-39BC-4E67-B5D7-5787ECB5BCC7}.Ad-Hoc|ARM.Build.0 = Debug|Any CPU
		{9F315811-39BC-4E67-B5D7-5787ECB5BCC7}.Ad-Hoc|iPhone.ActiveCfg = Debug|Any CPU
		{9F315811-39BC-4E67-B5D7-5787ECB5BCC7}.Ad-Hoc|iPhone.Build.0 = Debug|Any CPU
		{9F315811-39BC-4E67-B5D7-5787ECB5BCC7}.Ad-Hoc|iPhoneSimulator.ActiveCfg = Debug|Any CPU
		{9F315811-39BC-4E67-B5D7-5787ECB5BCC7}.Ad-Hoc|iPhoneSimulator.Build.0 = Debug|Any CPU
		{9F315811-39BC-4E67-B5D7-5787ECB5BCC7}.Ad-Hoc|x64.ActiveCfg = Debug|Any CPU
		{9F315811-39BC-4E67-B5D7-5787ECB5BCC7}.Ad-Hoc|x64.Build.0 = Debug|Any CPU
		{9F315811-39BC-4E67-B5D7-5787ECB5BCC7}.Ad-Hoc|x86.ActiveCfg = Debug|Any CPU
		{9F315811-39BC-4E67-B5D7-5787ECB5BCC7}.Ad-Hoc|x86.Build.0 = Debug|Any CPU
		{9F315811-39BC-4E67-B5D7-5787ECB5BCC7}.AppStore|Any CPU.ActiveCfg = Debug|Any CPU
		{9F315811-39BC-4E67-B5D7-5787ECB5BCC7}.AppStore|Any CPU.Build.0 = Debug|Any CPU
		{9F315811-39BC-4E67-B5D7-5787ECB5BCC7}.AppStore|ARM.ActiveCfg = Debug|Any CPU
		{9F315811-39BC-4E67-B5D7-5787ECB5BCC7}.AppStore|ARM.Build.0 = Debug|Any CPU
		{9F315811-39BC-4E67-B5D7-5787ECB5BCC7}.AppStore|iPhone.ActiveCfg = Debug|Any CPU
		{9F315811-39BC-4E67-B5D7-5787ECB5BCC7}.AppStore|iPhone.Build.0 = Debug|Any CPU
		{9F315811-39BC-4E67-B5D7-5787ECB5BCC7}.AppStore|iPhoneSimulator.ActiveCfg = Debug|Any CPU
		{9F315811-39BC-4E67-B5D7-5787ECB5BCC7}.AppStore|iPhoneSimulator.Build.0 = Debug|Any CPU
		{9F315811-39BC-4E67-B5D7-5787ECB5BCC7}.AppStore|x64.ActiveCfg = Debug|Any CPU
		{9F315811-39BC-4E67-B5D7-5787ECB5BCC7}.AppStore|x64.Build.0 = Debug|Any CPU
		{9F315811-39BC-4E67-B5D7-5787ECB5BCC7}.AppStore|x86.ActiveCfg = Debug|Any CPU
		{9F315811-39BC-4E67-B5D7-5787ECB5BCC7}.AppStore|x86.Build.0 = Debug|Any CPU
		{9F315811-39BC-4E67-B5D7-5787ECB5BCC7}.Debug|Any CPU.ActiveCfg = Debug|Any CPU
		{9F315811-39BC-4E67-B5D7-5787ECB5BCC7}.Debug|Any CPU.Build.0 = Debug|Any CPU
		{9F315811-39BC-4E67-B5D7-5787ECB5BCC7}.Debug|ARM.ActiveCfg = Debug|Any CPU
		{9F315811-39BC-4E67-B5D7-5787ECB5BCC7}.Debug|ARM.Build.0 = Debug|Any CPU
		{9F315811-39BC-4E67-B5D7-5787ECB5BCC7}.Debug|iPhone.ActiveCfg = Debug|Any CPU
		{9F315811-39BC-4E67-B5D7-5787ECB5BCC7}.Debug|iPhone.Build.0 = Debug|Any CPU
		{9F315811-39BC-4E67-B5D7-5787ECB5BCC7}.Debug|iPhoneSimulator.ActiveCfg = Debug|Any CPU
		{9F315811-39BC-4E67-B5D7-5787ECB5BCC7}.Debug|iPhoneSimulator.Build.0 = Debug|Any CPU
		{9F315811-39BC-4E67-B5D7-5787ECB5BCC7}.Debug|x64.ActiveCfg = Debug|Any CPU
		{9F315811-39BC-4E67-B5D7-5787ECB5BCC7}.Debug|x64.Build.0 = Debug|Any CPU
		{9F315811-39BC-4E67-B5D7-5787ECB5BCC7}.Debug|x86.ActiveCfg = Debug|Any CPU
		{9F315811-39BC-4E67-B5D7-5787ECB5BCC7}.Debug|x86.Build.0 = Debug|Any CPU
		{9F315811-39BC-4E67-B5D7-5787ECB5BCC7}.Release|Any CPU.ActiveCfg = Release|Any CPU
		{9F315811-39BC-4E67-B5D7-5787ECB5BCC7}.Release|Any CPU.Build.0 = Release|Any CPU
		{9F315811-39BC-4E67-B5D7-5787ECB5BCC7}.Release|ARM.ActiveCfg = Release|Any CPU
		{9F315811-39BC-4E67-B5D7-5787ECB5BCC7}.Release|ARM.Build.0 = Release|Any CPU
		{9F315811-39BC-4E67-B5D7-5787ECB5BCC7}.Release|iPhone.ActiveCfg = Release|Any CPU
		{9F315811-39BC-4E67-B5D7-5787ECB5BCC7}.Release|iPhone.Build.0 = Release|Any CPU
		{9F315811-39BC-4E67-B5D7-5787ECB5BCC7}.Release|iPhoneSimulator.ActiveCfg = Release|Any CPU
		{9F315811-39BC-4E67-B5D7-5787ECB5BCC7}.Release|iPhoneSimulator.Build.0 = Release|Any CPU
		{9F315811-39BC-4E67-B5D7-5787ECB5BCC7}.Release|x64.ActiveCfg = Release|Any CPU
		{9F315811-39BC-4E67-B5D7-5787ECB5BCC7}.Release|x64.Build.0 = Release|Any CPU
		{9F315811-39BC-4E67-B5D7-5787ECB5BCC7}.Release|x86.ActiveCfg = Release|Any CPU
		{9F315811-39BC-4E67-B5D7-5787ECB5BCC7}.Release|x86.Build.0 = Release|Any CPU
	EndGlobalSection
	GlobalSection(SolutionProperties) = preSolution
		HideSolutionNode = FALSE
	EndGlobalSection
EndGlobal
